<?xml version="1.0" encoding="utf-8"?>
<Project ToolsVersion="4.0" xmlns="http://schemas.microsoft.com/developer/msbuild/2003">
  <ItemGroup>
    <Filter Include="Source Files">
      <UniqueIdentifier>{4FC737F1-C7A5-4376-A066-2A32D752A2FF}</UniqueIdentifier>
      <Extensions>cpp;c;cc;cxx;def;odl;idl;hpj;bat;asm;asmx</Extensions>
    </Filter>
    <Filter Include="Header Files">
      <UniqueIdentifier>{93995380-89BD-4b04-88EB-625FBE52EBFB}</UniqueIdentifier>
      <Extensions>h;hh;hpp;hxx;hm;inl;inc;xsd</Extensions>
    </Filter>
    <Filter Include="Resource Files">
      <UniqueIdentifier>{67DA6AB6-F800-4c08-8B7A-83BB121AAD01}</UniqueIdentifier>
      <Extensions>rc;ico;cur;bmp;dlg;rc2;rct;bin;rgs;gif;jpg;jpeg;jpe;resx;tiff;tif;png;wav;mfcribbon-ms</Extensions>
    </Filter>
  </ItemGroup>
  <ItemGroup>
    <ClInclude Include="config.hpp">
      <Filter>Header Files</Filter>
    </ClInclude>
    <ClInclude Include="background.hpp">
      <Filter>Header Files</Filter>
    </ClInclude>
    <ClInclude Include="camera.hpp">
      <Filter>Header Files</Filter>
    </ClInclude>
    <ClInclude Include="title.hpp">
      <Filter>Header Files</Filter>
    </ClInclude>
    <ClInclude Include="bug.hpp">
      <Filter>Header Files</Filter>
    </ClInclude>
    <ClInclude Include="healthbar.hpp">
      <Filter>Header Files</Filter>
    </ClInclude>
    <ClInclude Include="midground.hpp">
      <Filter>Header Files</Filter>
    </ClInclude>
    <ClInclude Include="staminabar.hpp">
      <Filter>Header Files</Filter>
    </ClInclude>
    <ClInclude Include="sounds.hpp">
      <Filter>Header Files</Filter>
    </ClInclude>
    <ClInclude Include="Sentry.hpp">
      <Filter>Header Files</Filter>
    </ClInclude>
    <ClInclude Include="cave.hpp">
      <Filter>Header Files</Filter>
    </ClInclude>
    <ClInclude Include="caveboss.hpp">
      <Filter>Header Files</Filter>
    </ClInclude>
    <ClInclude Include="goblin.hpp">
      <Filter>Header Files</Filter>
    </ClInclude>
    <ClInclude Include="boss.hpp">
      <Filter>Header Files</Filter>
    </ClInclude>
    <ClInclude Include="Flyingcreature.hpp">
      <Filter>Header Files</Filter>
    </ClInclude>
    <ClInclude Include="LightningThrower.hpp">
      <Filter>Header Files</Filter>
    </ClInclude>
    <ClInclude Include="inventory.hpp">
      <Filter>Header Files</Filter>
    </ClInclude>
    <ClInclude Include="game.hpp">
      <Filter>Header Files</Filter>
    </ClInclude>
    <ClInclude Include="level3boss.hpp">
      <Filter>Header Files</Filter>
    </ClInclude>
    <ClInclude Include="tradernpc.hpp">
      <Filter>Header Files</Filter>
    </ClInclude>
    <ClInclude Include="textures.hpp">
      <Filter>Header Files</Filter>
    </ClInclude>
    <ClInclude Include="structs.hpp">
      <Filter>Header Files</Filter>
    </ClInclude>
    <ClInclude Include="player.hpp">
      <Filter>Header Files</Filter>
    </ClInclude>
  </ItemGroup>
  <ItemGroup>
    <ClCompile Include="iMain.cpp">
      <Filter>Source Files</Filter>
    </ClCompile>
  </ItemGroup>
</Project>